
Microsoft Visual Studio Solution File, Format Version 12.00
# Visual Studio Version 17
VisualStudioVersion = 17.2.32526.322
MinimumVisualStudioVersion = 10.0.40219.1
Project("{FAE04EC0-301F-11D3-BF4B-00C04F79EFBC}") = "SampleApp", "SampleApp\SampleApp.csproj", "{FF139184-C84B-4204-A880-E09E1C003EFE}"
EndProject
Global
	GlobalSection(SolutionConfigurationPlatforms) = preSolution
		Debug|Any CPU = Debug|Any CPU
		Release|Any CPU = Release|Any CPU
	EndGlobalSection
	GlobalSection(ProjectConfigurationPlatforms) = postSolution
		{FF139184-C84B-4204-A880-E09E1C003EFE}.Debug|Any CPU.ActiveCfg = Debug|Any CPU
		{FF139184-C84B-4204-A880-E09E1C003EFE}.Debug|Any CPU.Build.0 = Debug|Any CPU
		{FF139184-C84B-4204-A880-E09E1C003EFE}.Release|Any CPU.ActiveCfg = Release|Any CPU
		{FF139184-C84B-4204-A880-E09E1C003EFE}.Release|Any CPU.Build.0 = Release|Any CPU
	EndGlobalSection
	GlobalSection(SolutionProperties) = preSolution
		HideSolutionNode = FALSE
	EndGlobalSection
	GlobalSection(ExtensibilityGlobals) = postSolution
		SolutionGuid = {FD9B94A2-EBEF-45B3-81F6-5D52BC5D2FB6}
	EndGlobalSection
EndGlobal
