
Microsoft Visual Studio Solution File, Format Version 12.00
# Visual Studio 2013
VisualStudioVersion = 12.0.30501.0
MinimumVisualStudioVersion = 10.0.40219.1
Project("{2150E333-8FDC-42A3-9474-1A3956D46DE8}") = ".nuget", ".nuget", "{DC25830C-3617-49DE-9928-B1B8322E567D}"
	ProjectSection(SolutionItems) = preProject
		.nuget\NuGet.Config = .nuget\NuGet.Config
		.nuget\NuGet.exe = .nuget\NuGet.exe
		.nuget\NuGet.targets = .nuget\NuGet.targets
	EndProjectSection
EndProject
Project("{FAE04EC0-301F-11D3-BF4B-00C04F79EFBC}") = "IISExpressBootstrapper", "IISExpressBootstrapper\IISExpressBootstrapper.csproj", "{37361512-BED8-418C-A854-F914173B201D}"
EndProject
Project("{2150E333-8FDC-42A3-9474-1A3956D46DE8}") = "Tests", "Tests", "{D3880B08-8F7A-4AF7-948B-7DABAC3170A6}"
EndProject
Project("{FAE04EC0-301F-11D3-BF4B-00C04F79EFBC}") = "IISExpressBootstrapper.AcceptanceTests", "IISExpressBootstrapper.AcceptanceTests\IISExpressBootstrapper.AcceptanceTests.csproj", "{DF90EE33-7A9F-498C-9D58-D1981DCFF463}"
EndProject
Project("{FAE04EC0-301F-11D3-BF4B-00C04F79EFBC}") = "IISExpressBootstrapper.SampleWebApp", "IISExpressBootstrapper.SampleWebApp\IISExpressBootstrapper.SampleWebApp.csproj", "{884D1C3D-E218-4424-A70B-51E6AE6BB70C}"
EndProject
Global
	GlobalSection(SolutionConfigurationPlatforms) = preSolution
		Debug|Any CPU = Debug|Any CPU
		Release|Any CPU = Release|Any CPU
	EndGlobalSection
	GlobalSection(ProjectConfigurationPlatforms) = postSolution
		{37361512-BED8-418C-A854-F914173B201D}.Debug|Any CPU.ActiveCfg = Debug|Any CPU
		{37361512-BED8-418C-A854-F914173B201D}.Debug|Any CPU.Build.0 = Debug|Any CPU
		{37361512-BED8-418C-A854-F914173B201D}.Release|Any CPU.ActiveCfg = Release|Any CPU
		{37361512-BED8-418C-A854-F914173B201D}.Release|Any CPU.Build.0 = Release|Any CPU
		{DF90EE33-7A9F-498C-9D58-D1981DCFF463}.Debug|Any CPU.ActiveCfg = Debug|Any CPU
		{DF90EE33-7A9F-498C-9D58-D1981DCFF463}.Debug|Any CPU.Build.0 = Debug|Any CPU
		{DF90EE33-7A9F-498C-9D58-D1981DCFF463}.Release|Any CPU.ActiveCfg = Release|Any CPU
		{DF90EE33-7A9F-498C-9D58-D1981DCFF463}.Release|Any CPU.Build.0 = Release|Any CPU
		{884D1C3D-E218-4424-A70B-51E6AE6BB70C}.Debug|Any CPU.ActiveCfg = Debug|Any CPU
		{884D1C3D-E218-4424-A70B-51E6AE6BB70C}.Debug|Any CPU.Build.0 = Debug|Any CPU
		{884D1C3D-E218-4424-A70B-51E6AE6BB70C}.Release|Any CPU.ActiveCfg = Release|Any CPU
		{884D1C3D-E218-4424-A70B-51E6AE6BB70C}.Release|Any CPU.Build.0 = Release|Any CPU
	EndGlobalSection
	GlobalSection(SolutionProperties) = preSolution
		HideSolutionNode = FALSE
	EndGlobalSection
	GlobalSection(NestedProjects) = preSolution
		{DF90EE33-7A9F-498C-9D58-D1981DCFF463} = {D3880B08-8F7A-4AF7-948B-7DABAC3170A6}
		{884D1C3D-E218-4424-A70B-51E6AE6BB70C} = {D3880B08-8F7A-4AF7-948B-7DABAC3170A6}
	EndGlobalSection
EndGlobal
